{
  "sources": {
    "voisee": {
      "path": "."
    },
    "root_ssh_agent": {
      "locked_version": "0.1.0",
      "git": "https://github.com/dergachev/chef_root_ssh_agent.git",
      "ref": "25a316bed58adb3f4951a0f20ad3dfc3bc2af3df"
    },
    "locale": {
      "locked_version": "1.0.0",
      "git": "https://github.com/hw-cookbooks/locale.git",
      "ref": "297c012e5468d9c39c292791b6c22b38271a17c7"
    },
    "database": {
      "locked_version": "1.6.0"
    },
    "mysql": {
      "locked_version": "4.0.20"
    },
    "openssl": {
      "locked_version": "1.1.0"
    },
    "build-essential": {
      "locked_version": "1.4.2"
    },
    "postgresql": {
      "locked_version": "3.3.4"
    },
    "apt": {
      "locked_version": "2.3.4"
    },
    "aws": {
      "locked_version": "1.0.0"
    },
    "xfs": {
      "locked_version": "1.1.0"
    },
    "yum": {
      "locked_version": "3.0.6"
    },
    "magic_shell": {
      "locked_version": "1.0.0"
    },
    "ruby_build": {
      "locked_version": "0.8.0"
    },
    "phantomjs": {
      "locked_version": "1.0.3"
    },
    "chocolatey": {
      "locked_version": "0.0.5"
    },
    "powershell": {
      "locked_version": "2.0.0"
    },
    "windows": {
      "locked_version": "1.12.8"
    },
    "chef_handler": {
      "locked_version": "1.1.4"
    }
  }
}
